// !$*UTF8*$!
{
	archiveVersion = 1;
	classes = {
	};
	objectVersion = 50;
	objects = {

/* Begin PBXBuildFile section */
		381881636C015606B6444F98 /* libPods-GXLCodeRepository.a in Frameworks */ = {isa = PBXBuildFile; fileRef = 9C8D510534E78F9435F53B1F /* libPods-GXLCodeRepository.a */; };
		970E617C22B8B9D400E68BE3 /* GXRACTestController.m in Sources */ = {isa = PBXBuildFile; fileRef = 970E617B22B8B9D400E68BE3 /* GXRACTestController.m */; };
		972D9EEA218B0D790013B420 /* GXAddTagController.m in Sources */ = {isa = PBXBuildFile; fileRef = 972D9EE9218B0D790013B420 /* GXAddTagController.m */; };
		97362C082179A30D0092A6D1 /* AlertViewTEST.m in Sources */ = {isa = PBXBuildFile; fileRef = 97362C072179A30D0092A6D1 /* AlertViewTEST.m */; };
		973D057B22A7A93000186571 /* XMGSocialViewController.m in Sources */ = {isa = PBXBuildFile; fileRef = 973D057A22A7A93000186571 /* XMGSocialViewController.m */; };
		9746574022BB59A2001AFCF0 /* RACPerson.m in Sources */ = {isa = PBXBuildFile; fileRef = 9746573F22BB59A2001AFCF0 /* RACPerson.m */; };
		975AC84C21DC760800316C93 /* GXGridLayout.m in Sources */ = {isa = PBXBuildFile; fileRef = 975AC84B21DC760800316C93 /* GXGridLayout.m */; };
		97664EEC23AE1A1700DB8383 /* CZScrollADCell.m in Sources */ = {isa = PBXBuildFile; fileRef = 97664EE623AE1A1700DB8383 /* CZScrollADCell.m */; };
		97664EED23AE1A1700DB8383 /* CZScrollADCell1.xib in Resources */ = {isa = PBXBuildFile; fileRef = 97664EE723AE1A1700DB8383 /* CZScrollADCell1.xib */; };
		97664EEE23AE1A1700DB8383 /* CZScrollADCell1.m in Sources */ = {isa = PBXBuildFile; fileRef = 97664EE823AE1A1700DB8383 /* CZScrollADCell1.m */; };
		97664EEF23AE1A1700DB8383 /* CZScrollADCell.xib in Resources */ = {isa = PBXBuildFile; fileRef = 97664EE923AE1A1700DB8383 /* CZScrollADCell.xib */; };
		97664EF023AE1A1700DB8383 /* CZScrollAD.m in Sources */ = {isa = PBXBuildFile; fileRef = 97664EEB23AE1A1700DB8383 /* CZScrollAD.m */; };
		97664EF823AE1ABE00DB8383 /* PlanPageControl.m in Sources */ = {isa = PBXBuildFile; fileRef = 97664EF423AE1ABE00DB8383 /* PlanPageControl.m */; };
		97664EF923AE1ABE00DB8383 /* PlanADScrollView.m in Sources */ = {isa = PBXBuildFile; fileRef = 97664EF523AE1ABE00DB8383 /* PlanADScrollView.m */; };
		97664EFA23AE1ABE00DB8383 /* PlanADCollectionViewCell.m in Sources */ = {isa = PBXBuildFile; fileRef = 97664EF723AE1ABE00DB8383 /* PlanADCollectionViewCell.m */; };
		97664EFD23AE1B0100DB8383 /* CZScollerImageTool.m in Sources */ = {isa = PBXBuildFile; fileRef = 97664EFB23AE1B0100DB8383 /* CZScollerImageTool.m */; };
		97664F0023AE1B7800DB8383 /* GXScrollImageView.m in Sources */ = {isa = PBXBuildFile; fileRef = 97664EFF23AE1B7800DB8383 /* GXScrollImageView.m */; };
		9766AE6B23B0CBFF00789958 /* dataSource.json in Resources */ = {isa = PBXBuildFile; fileRef = 9766AE6A23B0CBFF00789958 /* dataSource.json */; };
		9766AE6D23B0DB0700789958 /* dataSource1.json in Resources */ = {isa = PBXBuildFile; fileRef = 9766AE6C23B0DB0700789958 /* dataSource1.json */; };
		9774AD7421CB985600DD0827 /* GXFlowLayoutController.m in Sources */ = {isa = PBXBuildFile; fileRef = 9774AD7321CB985600DD0827 /* GXFlowLayoutController.m */; };
		977C3391218D4ED000FAA144 /* GXTagTextField.m in Sources */ = {isa = PBXBuildFile; fileRef = 977C3390218D4ED000FAA144 /* GXTagTextField.m */; };
		979585292293E9E3005FC54D /* GXPerson.m in Sources */ = {isa = PBXBuildFile; fileRef = 979585282293E9E3005FC54D /* GXPerson.m */; };
		97A05E77218A9B25006A2CF8 /* GXAddTagToobar.m in Sources */ = {isa = PBXBuildFile; fileRef = 97A05E76218A9B25006A2CF8 /* GXAddTagToobar.m */; };
		97A05E79218A9B31006A2CF8 /* GXAddTagToobar.xib in Resources */ = {isa = PBXBuildFile; fileRef = 97A05E78218A9B31006A2CF8 /* GXAddTagToobar.xib */; };
		97A05E7E218AFFAB006A2CF8 /* PostImage.bundle in Resources */ = {isa = PBXBuildFile; fileRef = 97A05E7D218AFFAB006A2CF8 /* PostImage.bundle */; };
		97A05FDC216F004300F49C01 /* AppDelegate.m in Sources */ = {isa = PBXBuildFile; fileRef = 97A05FDB216F004300F49C01 /* AppDelegate.m */; };
		97A05FE2216F004300F49C01 /* Main.storyboard in Resources */ = {isa = PBXBuildFile; fileRef = 97A05FE0216F004300F49C01 /* Main.storyboard */; };
		97A05FE4216F004600F49C01 /* Assets.xcassets in Resources */ = {isa = PBXBuildFile; fileRef = 97A05FE3216F004600F49C01 /* Assets.xcassets */; };
		97A05FE7216F004600F49C01 /* LaunchScreen.storyboard in Resources */ = {isa = PBXBuildFile; fileRef = 97A05FE5216F004600F49C01 /* LaunchScreen.storyboard */; };
		97A05FEA216F004600F49C01 /* main.m in Sources */ = {isa = PBXBuildFile; fileRef = 97A05FE9216F004600F49C01 /* main.m */; };
		97A05FF2216F013E00F49C01 /* ContolViewController.m in Sources */ = {isa = PBXBuildFile; fileRef = 97A05FF1216F013E00F49C01 /* ContolViewController.m */; };
		97A05FF9216F236000F49C01 /* GXTabarController.m in Sources */ = {isa = PBXBuildFile; fileRef = 97A05FF7216F236000F49C01 /* GXTabarController.m */; };
		97A05FFE216F2A9800F49C01 /* OCExampleController.m in Sources */ = {isa = PBXBuildFile; fileRef = 97A05FFD216F2A9800F49C01 /* OCExampleController.m */; };
		97A0D00721C0B99100CBF9A1 /* GXTestViewController.m in Sources */ = {isa = PBXBuildFile; fileRef = 97A0D00621C0B99100CBF9A1 /* GXTestViewController.m */; };
		97A3414721D1CAAB006DF0D2 /* GXLineLayout.m in Sources */ = {isa = PBXBuildFile; fileRef = 97A3414621D1CAAB006DF0D2 /* GXLineLayout.m */; };
		97A3415021D4DB36006DF0D2 /* GXPhotoCell.m in Sources */ = {isa = PBXBuildFile; fileRef = 97A3414E21D4DB36006DF0D2 /* GXPhotoCell.m */; };
		97A3415121D4DB36006DF0D2 /* GXPhotoCell.xib in Resources */ = {isa = PBXBuildFile; fileRef = 97A3414F21D4DB36006DF0D2 /* GXPhotoCell.xib */; };
		97C20BE3217D92AE00C78AAD /* MenuController.m in Sources */ = {isa = PBXBuildFile; fileRef = 97C20BE2217D92AE00C78AAD /* MenuController.m */; };
		97C20BE7217D930100C78AAD /* MenuController.xib in Resources */ = {isa = PBXBuildFile; fileRef = 97C20BE6217D930100C78AAD /* MenuController.xib */; };
		97C20BEB217D93AD00C78AAD /* GXMenuLabel.m in Sources */ = {isa = PBXBuildFile; fileRef = 97C20BEA217D93AD00C78AAD /* GXMenuLabel.m */; };
		97C20BEF217DF22000C78AAD /* GXCircleImageController.m in Sources */ = {isa = PBXBuildFile; fileRef = 97C20BED217DF22000C78AAD /* GXCircleImageController.m */; };
		97C20BF0217DF22000C78AAD /* GXCircleImageController.xib in Resources */ = {isa = PBXBuildFile; fileRef = 97C20BEE217DF22000C78AAD /* GXCircleImageController.xib */; };
		97C20BF3217DF28F00C78AAD /* image.jpeg in Resources */ = {isa = PBXBuildFile; fileRef = 97C20BF2217DF28F00C78AAD /* image.jpeg */; };
		97D0C62E2360582B00F3B994 /* CZGuideController.m in Sources */ = {isa = PBXBuildFile; fileRef = 97D0C62C2360582B00F3B994 /* CZGuideController.m */; };
		97D489D222A6A1D900FD4EC7 /* GXHomeViewController.m in Sources */ = {isa = PBXBuildFile; fileRef = 97D489D122A6A1D900FD4EC7 /* GXHomeViewController.m */; };
		97DDF334224DBDCD00890F53 /* GXParentChildController.m in Sources */ = {isa = PBXBuildFile; fileRef = 97DDF333224DBDCD00890F53 /* GXParentChildController.m */; };
		97DDF336224DC50D00890F53 /* GXParentChildController.xib in Resources */ = {isa = PBXBuildFile; fileRef = 97DDF335224DC50D00890F53 /* GXParentChildController.xib */; };
		97DDF33F224DC9A100890F53 /* XMGTwoViewController.m in Sources */ = {isa = PBXBuildFile; fileRef = 97DDF337224DC9A000890F53 /* XMGTwoViewController.m */; };
		97DDF340224DC9A100890F53 /* XMGThreeViewController.xib in Resources */ = {isa = PBXBuildFile; fileRef = 97DDF338224DC9A000890F53 /* XMGThreeViewController.xib */; };
		97DDF341224DC9A100890F53 /* XMGOneViewController.m in Sources */ = {isa = PBXBuildFile; fileRef = 97DDF33A224DC9A000890F53 /* XMGOneViewController.m */; };
		97DDF342224DC9A100890F53 /* XMGTwoViewController.xib in Resources */ = {isa = PBXBuildFile; fileRef = 97DDF33B224DC9A000890F53 /* XMGTwoViewController.xib */; };
		97DDF343224DC9A100890F53 /* XMGThreeViewController.m in Sources */ = {isa = PBXBuildFile; fileRef = 97DDF33E224DC9A100890F53 /* XMGThreeViewController.m */; };
		97E0046E23B30D3C0028A5E5 /* CZScrollADImageCell.m in Sources */ = {isa = PBXBuildFile; fileRef = 97E0046C23B30D3C0028A5E5 /* CZScrollADImageCell.m */; };
		97E0046F23B30D3C0028A5E5 /* CZScrollADImageCell.xib in Resources */ = {isa = PBXBuildFile; fileRef = 97E0046D23B30D3C0028A5E5 /* CZScrollADImageCell.xib */; };
		97E0047323B36B0D0028A5E5 /* CZScrollADPageControl.m in Sources */ = {isa = PBXBuildFile; fileRef = 97E0047223B36B0D0028A5E5 /* CZScrollADPageControl.m */; };
		97EA1668218049B300C20CD9 /* GXConst.m in Sources */ = {isa = PBXBuildFile; fileRef = 97EA1667218049B300C20CD9 /* GXConst.m */; };
		97EA166D21806AF000C20CD9 /* GXTopWindowsController.m in Sources */ = {isa = PBXBuildFile; fileRef = 97EA166B21806AF000C20CD9 /* GXTopWindowsController.m */; };
		97EA166E21806AF000C20CD9 /* GXTopWindowsController.xib in Resources */ = {isa = PBXBuildFile; fileRef = 97EA166C21806AF000C20CD9 /* GXTopWindowsController.xib */; };
		97EA16732181BDCA00C20CD9 /* GXSquareController.m in Sources */ = {isa = PBXBuildFile; fileRef = 97EA16722181BDCA00C20CD9 /* GXSquareController.m */; };
		97EA16762181CB5200C20CD9 /* GXSquareCell.m in Sources */ = {isa = PBXBuildFile; fileRef = 97EA16752181CB5200C20CD9 /* GXSquareCell.m */; };
		97EA167A2181E5A100C20CD9 /* GXFooterView.m in Sources */ = {isa = PBXBuildFile; fileRef = 97EA16792181E5A100C20CD9 /* GXFooterView.m */; };
		97EA167D2181E76000C20CD9 /* UIView+GXExtension.m in Sources */ = {isa = PBXBuildFile; fileRef = 97EA167C2181E76000C20CD9 /* UIView+GXExtension.m */; };
		97F1C7DB21930098009F7871 /* GXNavigationController.m in Sources */ = {isa = PBXBuildFile; fileRef = 97F1C7DA21930098009F7871 /* GXNavigationController.m */; };
		97FC0511218807A500B526F8 /* GXPostWordController.m in Sources */ = {isa = PBXBuildFile; fileRef = 97FC0510218807A500B526F8 /* GXPostWordController.m */; };
		97FC051621884FBC00B526F8 /* GXPlaceholderTextView.m in Sources */ = {isa = PBXBuildFile; fileRef = 97FC051521884FBC00B526F8 /* GXPlaceholderTextView.m */; };
		97FEBF2E22D49DFF007BF592 /* download.plist in Resources */ = {isa = PBXBuildFile; fileRef = 97FEBF2D22D49DFF007BF592 /* download.plist */; };
/* End PBXBuildFile section */

/* Begin PBXFileReference section */
		0A071959F44494B971508652 /* Pods-GXLCodeRepository.debug.xcconfig */ = {isa = PBXFileReference; includeInIndex = 1; lastKnownFileType = text.xcconfig; name = "Pods-GXLCodeRepository.debug.xcconfig"; path = "Pods/Target Support Files/Pods-GXLCodeRepository/Pods-GXLCodeRepository.debug.xcconfig"; sourceTree = "<group>"; };
		3F5DD05C2D861CBD99A0182A /* Pods-GXLCodeRepository.release.xcconfig */ = {isa = PBXFileReference; includeInIndex = 1; lastKnownFileType = text.xcconfig; name = "Pods-GXLCodeRepository.release.xcconfig"; path = "Pods/Target Support Files/Pods-GXLCodeRepository/Pods-GXLCodeRepository.release.xcconfig"; sourceTree = "<group>"; };
		970E617A22B8B9D400E68BE3 /* GXRACTestController.h */ = {isa = PBXFileReference; lastKnownFileType = sourcecode.c.h; path = GXRACTestController.h; sourceTree = "<group>"; };
		970E617B22B8B9D400E68BE3 /* GXRACTestController.m */ = {isa = PBXFileReference; lastKnownFileType = sourcecode.c.objc; path = GXRACTestController.m; sourceTree = "<group>"; };
		972D9EE8218B0D790013B420 /* GXAddTagController.h */ = {isa = PBXFileReference; lastKnownFileType = sourcecode.c.h; path = GXAddTagController.h; sourceTree = "<group>"; };
		972D9EE9218B0D790013B420 /* GXAddTagController.m */ = {isa = PBXFileReference; lastKnownFileType = sourcecode.c.objc; path = GXAddTagController.m; sourceTree = "<group>"; };
		97362C062179A30D0092A6D1 /* AlertViewTEST.h */ = {isa = PBXFileReference; lastKnownFileType = sourcecode.c.h; path = AlertViewTEST.h; sourceTree = "<group>"; };
		97362C072179A30D0092A6D1 /* AlertViewTEST.m */ = {isa = PBXFileReference; lastKnownFileType = sourcecode.c.objc; path = AlertViewTEST.m; sourceTree = "<group>"; };
		973D057922A7A93000186571 /* XMGSocialViewController.h */ = {isa = PBXFileReference; fileEncoding = 4; lastKnownFileType = sourcecode.c.h; path = XMGSocialViewController.h; sourceTree = "<group>"; };
		973D057A22A7A93000186571 /* XMGSocialViewController.m */ = {isa = PBXFileReference; fileEncoding = 4; lastKnownFileType = sourcecode.c.objc; path = XMGSocialViewController.m; sourceTree = "<group>"; };
		9746573E22BB59A2001AFCF0 /* RACPerson.h */ = {isa = PBXFileReference; lastKnownFileType = sourcecode.c.h; path = RACPerson.h; sourceTree = "<group>"; };
		9746573F22BB59A2001AFCF0 /* RACPerson.m */ = {isa = PBXFileReference; lastKnownFileType = sourcecode.c.objc; path = RACPerson.m; sourceTree = "<group>"; };
		975AC84A21DC760800316C93 /* GXGridLayout.h */ = {isa = PBXFileReference; lastKnownFileType = sourcecode.c.h; path = GXGridLayout.h; sourceTree = "<group>"; };
		975AC84B21DC760800316C93 /* GXGridLayout.m */ = {isa = PBXFileReference; lastKnownFileType = sourcecode.c.objc; path = GXGridLayout.m; sourceTree = "<group>"; };
		97664EE423AE1A1700DB8383 /* CZScrollADCell1.h */ = {isa = PBXFileReference; fileEncoding = 4; lastKnownFileType = sourcecode.c.h; path = CZScrollADCell1.h; sourceTree = "<group>"; };
		97664EE523AE1A1700DB8383 /* CZScrollAD.h */ = {isa = PBXFileReference; fileEncoding = 4; lastKnownFileType = sourcecode.c.h; path = CZScrollAD.h; sourceTree = "<group>"; };
		97664EE623AE1A1700DB8383 /* CZScrollADCell.m */ = {isa = PBXFileReference; fileEncoding = 4; lastKnownFileType = sourcecode.c.objc; path = CZScrollADCell.m; sourceTree = "<group>"; };
		97664EE723AE1A1700DB8383 /* CZScrollADCell1.xib */ = {isa = PBXFileReference; fileEncoding = 4; lastKnownFileType = file.xib; path = CZScrollADCell1.xib; sourceTree = "<group>"; };
		97664EE823AE1A1700DB8383 /* CZScrollADCell1.m */ = {isa = PBXFileReference; fileEncoding = 4; lastKnownFileType = sourcecode.c.objc; path = CZScrollADCell1.m; sourceTree = "<group>"; };
		97664EE923AE1A1700DB8383 /* CZScrollADCell.xib */ = {isa = PBXFileReference; fileEncoding = 4; lastKnownFileType = file.xib; path = CZScrollADCell.xib; sourceTree = "<group>"; };
		97664EEA23AE1A1700DB8383 /* CZScrollADCell.h */ = {isa = PBXFileReference; fileEncoding = 4; lastKnownFileType = sourcecode.c.h; path = CZScrollADCell.h; sourceTree = "<group>"; };
		97664EEB23AE1A1700DB8383 /* CZScrollAD.m */ = {isa = PBXFileReference; fileEncoding = 4; lastKnownFileType = sourcecode.c.objc; path = CZScrollAD.m; sourceTree = "<group>"; };
		97664EF223AE1ABE00DB8383 /* PlanADScrollView.h */ = {isa = PBXFileReference; fileEncoding = 4; lastKnownFileType = sourcecode.c.h; path = PlanADScrollView.h; sourceTree = "<group>"; };
		97664EF323AE1ABE00DB8383 /* PlanADCollectionViewCell.h */ = {isa = PBXFileReference; fileEncoding = 4; lastKnownFileType = sourcecode.c.h; path = PlanADCollectionViewCell.h; sourceTree = "<group>"; };
		97664EF423AE1ABE00DB8383 /* PlanPageControl.m */ = {isa = PBXFileReference; fileEncoding = 4; lastKnownFileType = sourcecode.c.objc; path = PlanPageControl.m; sourceTree = "<group>"; };
		97664EF523AE1ABE00DB8383 /* PlanADScrollView.m */ = {isa = PBXFileReference; fileEncoding = 4; lastKnownFileType = sourcecode.c.objc; path = PlanADScrollView.m; sourceTree = "<group>"; };
		97664EF623AE1ABE00DB8383 /* PlanPageControl.h */ = {isa = PBXFileReference; fileEncoding = 4; lastKnownFileType = sourcecode.c.h; path = PlanPageControl.h; sourceTree = "<group>"; };
		97664EF723AE1ABE00DB8383 /* PlanADCollectionViewCell.m */ = {isa = PBXFileReference; fileEncoding = 4; lastKnownFileType = sourcecode.c.objc; path = PlanADCollectionViewCell.m; sourceTree = "<group>"; };
		97664EFB23AE1B0100DB8383 /* CZScollerImageTool.m */ = {isa = PBXFileReference; fileEncoding = 4; lastKnownFileType = sourcecode.c.objc; path = CZScollerImageTool.m; sourceTree = "<group>"; };
		97664EFC23AE1B0100DB8383 /* CZScollerImageTool.h */ = {isa = PBXFileReference; fileEncoding = 4; lastKnownFileType = sourcecode.c.h; path = CZScollerImageTool.h; sourceTree = "<group>"; };
		97664EFE23AE1B7800DB8383 /* GXScrollImageView.h */ = {isa = PBXFileReference; lastKnownFileType = sourcecode.c.h; path = GXScrollImageView.h; sourceTree = "<group>"; };
		97664EFF23AE1B7800DB8383 /* GXScrollImageView.m */ = {isa = PBXFileReference; lastKnownFileType = sourcecode.c.objc; path = GXScrollImageView.m; sourceTree = "<group>"; };
		9766AE6A23B0CBFF00789958 /* dataSource.json */ = {isa = PBXFileReference; lastKnownFileType = text.json; path = dataSource.json; sourceTree = "<group>"; };
		9766AE6C23B0DB0700789958 /* dataSource1.json */ = {isa = PBXFileReference; lastKnownFileType = text.json; path = dataSource1.json; sourceTree = "<group>"; };
		9774AD7221CB985600DD0827 /* GXFlowLayoutController.h */ = {isa = PBXFileReference; lastKnownFileType = sourcecode.c.h; path = GXFlowLayoutController.h; sourceTree = "<group>"; };
		9774AD7321CB985600DD0827 /* GXFlowLayoutController.m */ = {isa = PBXFileReference; lastKnownFileType = sourcecode.c.objc; path = GXFlowLayoutController.m; sourceTree = "<group>"; };
		977C338F218D4ED000FAA144 /* GXTagTextField.h */ = {isa = PBXFileReference; lastKnownFileType = sourcecode.c.h; path = GXTagTextField.h; sourceTree = "<group>"; };
		977C3390218D4ED000FAA144 /* GXTagTextField.m */ = {isa = PBXFileReference; lastKnownFileType = sourcecode.c.objc; path = GXTagTextField.m; sourceTree = "<group>"; };
		979585272293E9E3005FC54D /* GXPerson.h */ = {isa = PBXFileReference; lastKnownFileType = sourcecode.c.h; path = GXPerson.h; sourceTree = "<group>"; };
		979585282293E9E3005FC54D /* GXPerson.m */ = {isa = PBXFileReference; lastKnownFileType = sourcecode.c.objc; path = GXPerson.m; sourceTree = "<group>"; };
		97A05E75218A9B25006A2CF8 /* GXAddTagToobar.h */ = {isa = PBXFileReference; lastKnownFileType = sourcecode.c.h; path = GXAddTagToobar.h; sourceTree = "<group>"; };
		97A05E76218A9B25006A2CF8 /* GXAddTagToobar.m */ = {isa = PBXFileReference; lastKnownFileType = sourcecode.c.objc; path = GXAddTagToobar.m; sourceTree = "<group>"; };
		97A05E78218A9B31006A2CF8 /* GXAddTagToobar.xib */ = {isa = PBXFileReference; lastKnownFileType = file.xib; path = GXAddTagToobar.xib; sourceTree = "<group>"; };
		97A05E7D218AFFAB006A2CF8 /* PostImage.bundle */ = {isa = PBXFileReference; lastKnownFileType = "wrapper.plug-in"; path = PostImage.bundle; sourceTree = "<group>"; };
		97A05FD7216F004300F49C01 /* GXLCodeRepository.app */ = {isa = PBXFileReference; explicitFileType = wrapper.application; includeInIndex = 0; path = GXLCodeRepository.app; sourceTree = BUILT_PRODUCTS_DIR; };
		97A05FDA216F004300F49C01 /* AppDelegate.h */ = {isa = PBXFileReference; lastKnownFileType = sourcecode.c.h; path = AppDelegate.h; sourceTree = "<group>"; };
		97A05FDB216F004300F49C01 /* AppDelegate.m */ = {isa = PBXFileReference; lastKnownFileType = sourcecode.c.objc; path = AppDelegate.m; sourceTree = "<group>"; };
		97A05FE1216F004300F49C01 /* Base */ = {isa = PBXFileReference; lastKnownFileType = file.storyboard; name = Base; path = Base.lproj/Main.storyboard; sourceTree = "<group>"; };
		97A05FE3216F004600F49C01 /* Assets.xcassets */ = {isa = PBXFileReference; lastKnownFileType = folder.assetcatalog; path = Assets.xcassets; sourceTree = "<group>"; };
		97A05FE6216F004600F49C01 /* Base */ = {isa = PBXFileReference; lastKnownFileType = file.storyboard; name = Base; path = Base.lproj/LaunchScreen.storyboard; sourceTree = "<group>"; };
		97A05FE8216F004600F49C01 /* Info.plist */ = {isa = PBXFileReference; lastKnownFileType = text.plist.xml; path = Info.plist; sourceTree = "<group>"; };
		97A05FE9216F004600F49C01 /* main.m */ = {isa = PBXFileReference; lastKnownFileType = sourcecode.c.objc; path = main.m; sourceTree = "<group>"; };
		97A05FF0216F013E00F49C01 /* ContolViewController.h */ = {isa = PBXFileReference; lastKnownFileType = sourcecode.c.h; path = ContolViewController.h; sourceTree = "<group>"; };
		97A05FF1216F013E00F49C01 /* ContolViewController.m */ = {isa = PBXFileReference; lastKnownFileType = sourcecode.c.objc; path = ContolViewController.m; sourceTree = "<group>"; };
		97A05FF7216F236000F49C01 /* GXTabarController.m */ = {isa = PBXFileReference; fileEncoding = 4; lastKnownFileType = sourcecode.c.objc; path = GXTabarController.m; sourceTree = "<group>"; };
		97A05FF8216F236000F49C01 /* GXTabarController.h */ = {isa = PBXFileReference; fileEncoding = 4; lastKnownFileType = sourcecode.c.h; path = GXTabarController.h; sourceTree = "<group>"; };
		97A05FFC216F2A9800F49C01 /* OCExampleController.h */ = {isa = PBXFileReference; lastKnownFileType = sourcecode.c.h; path = OCExampleController.h; sourceTree = "<group>"; };
		97A05FFD216F2A9800F49C01 /* OCExampleController.m */ = {isa = PBXFileReference; lastKnownFileType = sourcecode.c.objc; path = OCExampleController.m; sourceTree = "<group>"; };
		97A0D00521C0B99100CBF9A1 /* GXTestViewController.h */ = {isa = PBXFileReference; lastKnownFileType = sourcecode.c.h; path = GXTestViewController.h; sourceTree = "<group>"; };
		97A0D00621C0B99100CBF9A1 /* GXTestViewController.m */ = {isa = PBXFileReference; lastKnownFileType = sourcecode.c.objc; path = GXTestViewController.m; sourceTree = "<group>"; };
		97A3414521D1CAAB006DF0D2 /* GXLineLayout.h */ = {isa = PBXFileReference; lastKnownFileType = sourcecode.c.h; path = GXLineLayout.h; sourceTree = "<group>"; };
		97A3414621D1CAAB006DF0D2 /* GXLineLayout.m */ = {isa = PBXFileReference; lastKnownFileType = sourcecode.c.objc; path = GXLineLayout.m; sourceTree = "<group>"; };
		97A3414D21D4DB36006DF0D2 /* GXPhotoCell.h */ = {isa = PBXFileReference; lastKnownFileType = sourcecode.c.h; path = GXPhotoCell.h; sourceTree = "<group>"; };
		97A3414E21D4DB36006DF0D2 /* GXPhotoCell.m */ = {isa = PBXFileReference; lastKnownFileType = sourcecode.c.objc; path = GXPhotoCell.m; sourceTree = "<group>"; };
		97A3414F21D4DB36006DF0D2 /* GXPhotoCell.xib */ = {isa = PBXFileReference; lastKnownFileType = file.xib; path = GXPhotoCell.xib; sourceTree = "<group>"; };
		97C20BE1217D92AE00C78AAD /* MenuController.h */ = {isa = PBXFileReference; lastKnownFileType = sourcecode.c.h; path = MenuController.h; sourceTree = "<group>"; };
		97C20BE2217D92AE00C78AAD /* MenuController.m */ = {isa = PBXFileReference; lastKnownFileType = sourcecode.c.objc; path = MenuController.m; sourceTree = "<group>"; };
		97C20BE6217D930100C78AAD /* MenuController.xib */ = {isa = PBXFileReference; lastKnownFileType = file.xib; path = MenuController.xib; sourceTree = "<group>"; };
		97C20BE9217D93AD00C78AAD /* GXMenuLabel.h */ = {isa = PBXFileReference; lastKnownFileType = sourcecode.c.h; path = GXMenuLabel.h; sourceTree = "<group>"; };
		97C20BEA217D93AD00C78AAD /* GXMenuLabel.m */ = {isa = PBXFileReference; lastKnownFileType = sourcecode.c.objc; path = GXMenuLabel.m; sourceTree = "<group>"; };
		97C20BEC217DF22000C78AAD /* GXCircleImageController.h */ = {isa = PBXFileReference; lastKnownFileType = sourcecode.c.h; path = GXCircleImageController.h; sourceTree = "<group>"; };
		97C20BED217DF22000C78AAD /* GXCircleImageController.m */ = {isa = PBXFileReference; lastKnownFileType = sourcecode.c.objc; path = GXCircleImageController.m; sourceTree = "<group>"; };
		97C20BEE217DF22000C78AAD /* GXCircleImageController.xib */ = {isa = PBXFileReference; lastKnownFileType = file.xib; path = GXCircleImageController.xib; sourceTree = "<group>"; };
		97C20BF2217DF28F00C78AAD /* image.jpeg */ = {isa = PBXFileReference; lastKnownFileType = image.jpeg; path = image.jpeg; sourceTree = "<group>"; };
		97D0C62C2360582B00F3B994 /* CZGuideController.m */ = {isa = PBXFileReference; fileEncoding = 4; lastKnownFileType = sourcecode.c.objc; path = CZGuideController.m; sourceTree = "<group>"; };
		97D0C62D2360582B00F3B994 /* CZGuideController.h */ = {isa = PBXFileReference; fileEncoding = 4; lastKnownFileType = sourcecode.c.h; path = CZGuideController.h; sourceTree = "<group>"; };
		97D489D022A6A1D900FD4EC7 /* GXHomeViewController.h */ = {isa = PBXFileReference; lastKnownFileType = sourcecode.c.h; path = GXHomeViewController.h; sourceTree = "<group>"; };
		97D489D122A6A1D900FD4EC7 /* GXHomeViewController.m */ = {isa = PBXFileReference; lastKnownFileType = sourcecode.c.objc; path = GXHomeViewController.m; sourceTree = "<group>"; };
		97DDF332224DBDCD00890F53 /* GXParentChildController.h */ = {isa = PBXFileReference; lastKnownFileType = sourcecode.c.h; path = GXParentChildController.h; sourceTree = "<group>"; };
		97DDF333224DBDCD00890F53 /* GXParentChildController.m */ = {isa = PBXFileReference; lastKnownFileType = sourcecode.c.objc; path = GXParentChildController.m; sourceTree = "<group>"; };
		97DDF335224DC50D00890F53 /* GXParentChildController.xib */ = {isa = PBXFileReference; lastKnownFileType = file.xib; path = GXParentChildController.xib; sourceTree = "<group>"; };
		97DDF337224DC9A000890F53 /* XMGTwoViewController.m */ = {isa = PBXFileReference; fileEncoding = 4; lastKnownFileType = sourcecode.c.objc; path = XMGTwoViewController.m; sourceTree = "<group>"; };
		97DDF338224DC9A000890F53 /* XMGThreeViewController.xib */ = {isa = PBXFileReference; fileEncoding = 4; lastKnownFileType = file.xib; path = XMGThreeViewController.xib; sourceTree = "<group>"; };
		97DDF339224DC9A000890F53 /* XMGOneViewController.h */ = {isa = PBXFileReference; fileEncoding = 4; lastKnownFileType = sourcecode.c.h; path = XMGOneViewController.h; sourceTree = "<group>"; };
		97DDF33A224DC9A000890F53 /* XMGOneViewController.m */ = {isa = PBXFileReference; fileEncoding = 4; lastKnownFileType = sourcecode.c.objc; path = XMGOneViewController.m; sourceTree = "<group>"; };
		97DDF33B224DC9A000890F53 /* XMGTwoViewController.xib */ = {isa = PBXFileReference; fileEncoding = 4; lastKnownFileType = file.xib; path = XMGTwoViewController.xib; sourceTree = "<group>"; };
		97DDF33C224DC9A100890F53 /* XMGTwoViewController.h */ = {isa = PBXFileReference; fileEncoding = 4; lastKnownFileType = sourcecode.c.h; path = XMGTwoViewController.h; sourceTree = "<group>"; };
		97DDF33D224DC9A100890F53 /* XMGThreeViewController.h */ = {isa = PBXFileReference; fileEncoding = 4; lastKnownFileType = sourcecode.c.h; path = XMGThreeViewController.h; sourceTree = "<group>"; };
		97DDF33E224DC9A100890F53 /* XMGThreeViewController.m */ = {isa = PBXFileReference; fileEncoding = 4; lastKnownFileType = sourcecode.c.objc; path = XMGThreeViewController.m; sourceTree = "<group>"; };
		97E0046B23B30D3C0028A5E5 /* CZScrollADImageCell.h */ = {isa = PBXFileReference; lastKnownFileType = sourcecode.c.h; path = CZScrollADImageCell.h; sourceTree = "<group>"; };
		97E0046C23B30D3C0028A5E5 /* CZScrollADImageCell.m */ = {isa = PBXFileReference; lastKnownFileType = sourcecode.c.objc; path = CZScrollADImageCell.m; sourceTree = "<group>"; };
		97E0046D23B30D3C0028A5E5 /* CZScrollADImageCell.xib */ = {isa = PBXFileReference; lastKnownFileType = file.xib; path = CZScrollADImageCell.xib; sourceTree = "<group>"; };
		97E0047123B36B0D0028A5E5 /* CZScrollADPageControl.h */ = {isa = PBXFileReference; lastKnownFileType = sourcecode.c.h; path = CZScrollADPageControl.h; sourceTree = "<group>"; };
		97E0047223B36B0D0028A5E5 /* CZScrollADPageControl.m */ = {isa = PBXFileReference; lastKnownFileType = sourcecode.c.objc; path = CZScrollADPageControl.m; sourceTree = "<group>"; };
		97EA1666218049B300C20CD9 /* GXConst.h */ = {isa = PBXFileReference; lastKnownFileType = sourcecode.c.h; path = GXConst.h; sourceTree = "<group>"; };
		97EA1667218049B300C20CD9 /* GXConst.m */ = {isa = PBXFileReference; lastKnownFileType = sourcecode.c.objc; path = GXConst.m; sourceTree = "<group>"; };
		97EA166A21806AF000C20CD9 /* GXTopWindowsController.h */ = {isa = PBXFileReference; lastKnownFileType = sourcecode.c.h; path = GXTopWindowsController.h; sourceTree = "<group>"; };
		97EA166B21806AF000C20CD9 /* GXTopWindowsController.m */ = {isa = PBXFileReference; lastKnownFileType = sourcecode.c.objc; path = GXTopWindowsController.m; sourceTree = "<group>"; };
		97EA166C21806AF000C20CD9 /* GXTopWindowsController.xib */ = {isa = PBXFileReference; lastKnownFileType = file.xib; path = GXTopWindowsController.xib; sourceTree = "<group>"; };
		97EA166F21806D7500C20CD9 /* PrefixHeader.pch */ = {isa = PBXFileReference; lastKnownFileType = sourcecode.c.h; path = PrefixHeader.pch; sourceTree = "<group>"; };
		97EA16712181BDCA00C20CD9 /* GXSquareController.h */ = {isa = PBXFileReference; lastKnownFileType = sourcecode.c.h; path = GXSquareController.h; sourceTree = "<group>"; };
		97EA16722181BDCA00C20CD9 /* GXSquareController.m */ = {isa = PBXFileReference; lastKnownFileType = sourcecode.c.objc; path = GXSquareController.m; sourceTree = "<group>"; };
		97EA16742181CB5200C20CD9 /* GXSquareCell.h */ = {isa = PBXFileReference; lastKnownFileType = sourcecode.c.h; path = GXSquareCell.h; sourceTree = "<group>"; };
		97EA16752181CB5200C20CD9 /* GXSquareCell.m */ = {isa = PBXFileReference; lastKnownFileType = sourcecode.c.objc; path = GXSquareCell.m; sourceTree = "<group>"; };
		97EA16782181E5A100C20CD9 /* GXFooterView.h */ = {isa = PBXFileReference; lastKnownFileType = sourcecode.c.h; path = GXFooterView.h; sourceTree = "<group>"; };
		97EA16792181E5A100C20CD9 /* GXFooterView.m */ = {isa = PBXFileReference; lastKnownFileType = sourcecode.c.objc; path = GXFooterView.m; sourceTree = "<group>"; };
		97EA167B2181E76000C20CD9 /* UIView+GXExtension.h */ = {isa = PBXFileReference; lastKnownFileType = sourcecode.c.h; path = "UIView+GXExtension.h"; sourceTree = "<group>"; };
		97EA167C2181E76000C20CD9 /* UIView+GXExtension.m */ = {isa = PBXFileReference; lastKnownFileType = sourcecode.c.objc; path = "UIView+GXExtension.m"; sourceTree = "<group>"; };
		97F1C7D921930098009F7871 /* GXNavigationController.h */ = {isa = PBXFileReference; lastKnownFileType = sourcecode.c.h; path = GXNavigationController.h; sourceTree = "<group>"; };
		97F1C7DA21930098009F7871 /* GXNavigationController.m */ = {isa = PBXFileReference; lastKnownFileType = sourcecode.c.objc; path = GXNavigationController.m; sourceTree = "<group>"; };
		97FC050F218807A500B526F8 /* GXPostWordController.h */ = {isa = PBXFileReference; lastKnownFileType = sourcecode.c.h; path = GXPostWordController.h; sourceTree = "<group>"; };
		97FC0510218807A500B526F8 /* GXPostWordController.m */ = {isa = PBXFileReference; lastKnownFileType = sourcecode.c.objc; path = GXPostWordController.m; sourceTree = "<group>"; };
		97FC051421884FBC00B526F8 /* GXPlaceholderTextView.h */ = {isa = PBXFileReference; lastKnownFileType = sourcecode.c.h; path = GXPlaceholderTextView.h; sourceTree = "<group>"; };
		97FC051521884FBC00B526F8 /* GXPlaceholderTextView.m */ = {isa = PBXFileReference; lastKnownFileType = sourcecode.c.objc; path = GXPlaceholderTextView.m; sourceTree = "<group>"; };
		97FEBF2D22D49DFF007BF592 /* download.plist */ = {isa = PBXFileReference; fileEncoding = 4; lastKnownFileType = text.plist.xml; path = download.plist; sourceTree = "<group>"; };
		9C8D510534E78F9435F53B1F /* libPods-GXLCodeRepository.a */ = {isa = PBXFileReference; explicitFileType = archive.ar; includeInIndex = 0; path = "libPods-GXLCodeRepository.a"; sourceTree = BUILT_PRODUCTS_DIR; };
/* End PBXFileReference section */

/* Begin PBXFrameworksBuildPhase section */
		97A05FD4216F004300F49C01 /* Frameworks */ = {
			isa = PBXFrameworksBuildPhase;
			buildActionMask = 2147483647;
			files = (
				381881636C015606B6444F98 /* libPods-GXLCodeRepository.a in Frameworks */,
			);
			runOnlyForDeploymentPostprocessing = 0;
		};
/* End PBXFrameworksBuildPhase section */

/* Begin PBXGroup section */
		1E5EA9C19A15B34E9C2632FC /* Pods */ = {
			isa = PBXGroup;
			children = (
				0A071959F44494B971508652 /* Pods-GXLCodeRepository.debug.xcconfig */,
				3F5DD05C2D861CBD99A0182A /* Pods-GXLCodeRepository.release.xcconfig */,
			);
			name = Pods;
			sourceTree = "<group>";
		};
		970E617922B8B70D00E68BE3 /* RAC的使用 */ = {
			isa = PBXGroup;
			children = (
				970E617A22B8B9D400E68BE3 /* GXRACTestController.h */,
				970E617B22B8B9D400E68BE3 /* GXRACTestController.m */,
				9746573E22BB59A2001AFCF0 /* RACPerson.h */,
				9746573F22BB59A2001AFCF0 /* RACPerson.m */,
			);
			path = "RAC的使用";
			sourceTree = "<group>";
		};
		975AC84821DC71C700316C93 /* 流水布局基础上的变化 */ = {
			isa = PBXGroup;
			children = (
				97A3414521D1CAAB006DF0D2 /* GXLineLayout.h */,
				97A3414621D1CAAB006DF0D2 /* GXLineLayout.m */,
			);
			path = "流水布局基础上的变化";
			sourceTree = "<group>";
		};
		975AC84921DC75B600316C93 /* 自己算的格子布局 */ = {
			isa = PBXGroup;
			children = (
				975AC84A21DC760800316C93 /* GXGridLayout.h */,
				975AC84B21DC760800316C93 /* GXGridLayout.m */,
			);
			path = "自己算的格子布局";
			sourceTree = "<group>";
		};
		97664EE023ADF8E100DB8383 /* alert弹框 */ = {
			isa = PBXGroup;
			children = (
				97362C062179A30D0092A6D1 /* AlertViewTEST.h */,
				97362C072179A30D0092A6D1 /* AlertViewTEST.m */,
			);
			path = "alert弹框";
			sourceTree = "<group>";
		};
		97664EE223AE19E000DB8383 /* 轮播图 */ = {
			isa = PBXGroup;
			children = (
				9766AE6C23B0DB0700789958 /* dataSource1.json */,
				9766AE6A23B0CBFF00789958 /* dataSource.json */,
				97664EFE23AE1B7800DB8383 /* GXScrollImageView.h */,
				97664EFF23AE1B7800DB8383 /* GXScrollImageView.m */,
				97664EE423AE1A1700DB8383 /* CZScrollADCell1.h */,
				97664EE823AE1A1700DB8383 /* CZScrollADCell1.m */,
				97664EE723AE1A1700DB8383 /* CZScrollADCell1.xib */,
				97664EEA23AE1A1700DB8383 /* CZScrollADCell.h */,
				97664EE623AE1A1700DB8383 /* CZScrollADCell.m */,
				97664EE923AE1A1700DB8383 /* CZScrollADCell.xib */,
				9766AE6923B0B0A900789958 /* Lib */,
			);
			path = "轮播图";
			sourceTree = "<group>";
		};
		97664EE323AE1A1700DB8383 /* 滚动视图 */ = {
			isa = PBXGroup;
			children = (
				97E0046A23B30CA00028A5E5 /* 滚动样式 */,
				97664EE523AE1A1700DB8383 /* CZScrollAD.h */,
				97664EEB23AE1A1700DB8383 /* CZScrollAD.m */,
				97E0047123B36B0D0028A5E5 /* CZScrollADPageControl.h */,
				97E0047223B36B0D0028A5E5 /* CZScrollADPageControl.m */,
			);
			path = "滚动视图";
			sourceTree = "<group>";
		};
		97664EF123AE1ABE00DB8383 /* PlanADScrollView */ = {
			isa = PBXGroup;
			children = (
				97664EF323AE1ABE00DB8383 /* PlanADCollectionViewCell.h */,
				97664EF723AE1ABE00DB8383 /* PlanADCollectionViewCell.m */,
				97664EF223AE1ABE00DB8383 /* PlanADScrollView.h */,
				97664EF523AE1ABE00DB8383 /* PlanADScrollView.m */,
				97664EF623AE1ABE00DB8383 /* PlanPageControl.h */,
				97664EF423AE1ABE00DB8383 /* PlanPageControl.m */,
			);
			path = PlanADScrollView;
			sourceTree = "<group>";
		};
		9766AE6923B0B0A900789958 /* Lib */ = {
			isa = PBXGroup;
			children = (
				97664EFC23AE1B0100DB8383 /* CZScollerImageTool.h */,
				97664EFB23AE1B0100DB8383 /* CZScollerImageTool.m */,
				97664EF123AE1ABE00DB8383 /* PlanADScrollView */,
				97664EE323AE1A1700DB8383 /* 滚动视图 */,
			);
			path = Lib;
			sourceTree = "<group>";
		};
		97A05FCE216F004300F49C01 = {
			isa = PBXGroup;
			children = (
				97A05FD9216F004300F49C01 /* GXLCodeRepository */,
				97A05FD8216F004300F49C01 /* Products */,
				1E5EA9C19A15B34E9C2632FC /* Pods */,
				A2DCE2F4E525FD6D3FE5FAB7 /* Frameworks */,
			);
			sourceTree = "<group>";
		};
		97A05FD8216F004300F49C01 /* Products */ = {
			isa = PBXGroup;
			children = (
				97A05FD7216F004300F49C01 /* GXLCodeRepository.app */,
			);
			name = Products;
			sourceTree = "<group>";
		};
		97A05FD9216F004300F49C01 /* GXLCodeRepository */ = {
			isa = PBXGroup;
			children = (
				97A05FFB216F29B600F49C01 /* Classes */,
				97A05FFA216F29A300F49C01 /* Other */,
			);
			path = GXLCodeRepository;
			sourceTree = "<group>";
		};
		97A05FFA216F29A300F49C01 /* Other */ = {
			isa = PBXGroup;
			children = (
				97A05FDA216F004300F49C01 /* AppDelegate.h */,
				97A05FDB216F004300F49C01 /* AppDelegate.m */,
				97A05FF8216F236000F49C01 /* GXTabarController.h */,
				97A05FF7216F236000F49C01 /* GXTabarController.m */,
				97F1C7D921930098009F7871 /* GXNavigationController.h */,
				97F1C7DA21930098009F7871 /* GXNavigationController.m */,
				97A05FE0216F004300F49C01 /* Main.storyboard */,
				97A05FE3216F004600F49C01 /* Assets.xcassets */,
				97A05FE5216F004600F49C01 /* LaunchScreen.storyboard */,
				97A05FE8216F004600F49C01 /* Info.plist */,
				97A05FE9216F004600F49C01 /* main.m */,
				97EA166F21806D7500C20CD9 /* PrefixHeader.pch */,
				97EA167B2181E76000C20CD9 /* UIView+GXExtension.h */,
				97EA167C2181E76000C20CD9 /* UIView+GXExtension.m */,
			);
			path = Other;
			sourceTree = "<group>";
		};
		97A05FFB216F29B600F49C01 /* Classes */ = {
			isa = PBXGroup;
			children = (
				97FEBF2D22D49DFF007BF592 /* download.plist */,
				97A06000216F428500F49C01 /* OC语法 */,
				97A05FFF216F427700F49C01 /* UI控件 */,
			);
			path = Classes;
			sourceTree = "<group>";
		};
		97A05FFF216F427700F49C01 /* UI控件 */ = {
			isa = PBXGroup;
			children = (
				97664EE223AE19E000DB8383 /* 轮播图 */,
				97FC051321884F4F00B526F8 /* 主控制器 */,
				97664EE023ADF8E100DB8383 /* alert弹框 */,
				97C20BE8217D936800C78AAD /* menuController使用 */,
				97C20BF1217DF23000C78AAD /* 图片的圆角 */,
				97EA166921806ABF00C20CD9 /* 其他窗口的创建 */,
				97EA16702181BDB600C20CD9 /* 小方块的床架 */,
				97D0C62B2360580800F3B994 /* 新人引导页 */,
				970E617922B8B70D00E68BE3 /* RAC的使用 */,
				97DDF330224CAF0000890F53 /* 父子控制器 */,
				97FC050E2188074800B526F8 /* 发段子 */,
				97A86BCA21C792EF0084C219 /* 布局 */,
				97D489CF22A6A13F00FD4EC7 /* 网易新闻首页 */,
			);
			path = "UI控件";
			sourceTree = "<group>";
		};
		97A06000216F428500F49C01 /* OC语法 */ = {
			isa = PBXGroup;
			children = (
				97EA16652180493D00C20CD9 /* 常量的整理 */,
				97A05FFC216F2A9800F49C01 /* OCExampleController.h */,
				97A05FFD216F2A9800F49C01 /* OCExampleController.m */,
			);
			path = "OC语法";
			sourceTree = "<group>";
		};
		97A86BCA21C792EF0084C219 /* 布局 */ = {
			isa = PBXGroup;
			children = (
				9774AD7221CB985600DD0827 /* GXFlowLayoutController.h */,
				9774AD7321CB985600DD0827 /* GXFlowLayoutController.m */,
				97A3414D21D4DB36006DF0D2 /* GXPhotoCell.h */,
				97A3414E21D4DB36006DF0D2 /* GXPhotoCell.m */,
				97A3414F21D4DB36006DF0D2 /* GXPhotoCell.xib */,
				975AC84921DC75B600316C93 /* 自己算的格子布局 */,
				975AC84821DC71C700316C93 /* 流水布局基础上的变化 */,
			);
			path = "布局";
			sourceTree = "<group>";
		};
		97C20BE8217D936800C78AAD /* menuController使用 */ = {
			isa = PBXGroup;
			children = (
				97C20BE1217D92AE00C78AAD /* MenuController.h */,
				97C20BE2217D92AE00C78AAD /* MenuController.m */,
				97C20BE6217D930100C78AAD /* MenuController.xib */,
				97C20BE9217D93AD00C78AAD /* GXMenuLabel.h */,
				97C20BEA217D93AD00C78AAD /* GXMenuLabel.m */,
			);
			path = "menuController使用";
			sourceTree = "<group>";
		};
		97C20BF1217DF23000C78AAD /* 图片的圆角 */ = {
			isa = PBXGroup;
			children = (
				97C20BF2217DF28F00C78AAD /* image.jpeg */,
				97C20BEC217DF22000C78AAD /* GXCircleImageController.h */,
				97C20BED217DF22000C78AAD /* GXCircleImageController.m */,
				97C20BEE217DF22000C78AAD /* GXCircleImageController.xib */,
				979585272293E9E3005FC54D /* GXPerson.h */,
				979585282293E9E3005FC54D /* GXPerson.m */,
			);
			path = "图片的圆角";
			sourceTree = "<group>";
		};
		97D0C62B2360580800F3B994 /* 新人引导页 */ = {
			isa = PBXGroup;
			children = (
				97D0C62D2360582B00F3B994 /* CZGuideController.h */,
				97D0C62C2360582B00F3B994 /* CZGuideController.m */,
			);
			path = "新人引导页";
			sourceTree = "<group>";
		};
		97D489CF22A6A13F00FD4EC7 /* 网易新闻首页 */ = {
			isa = PBXGroup;
			children = (
				973D057922A7A93000186571 /* XMGSocialViewController.h */,
				973D057A22A7A93000186571 /* XMGSocialViewController.m */,
				97D489D022A6A1D900FD4EC7 /* GXHomeViewController.h */,
				97D489D122A6A1D900FD4EC7 /* GXHomeViewController.m */,
			);
			path = "网易新闻首页";
			sourceTree = "<group>";
		};
		97DDF330224CAF0000890F53 /* 父子控制器 */ = {
			isa = PBXGroup;
			children = (
				97DDF332224DBDCD00890F53 /* GXParentChildController.h */,
				97DDF333224DBDCD00890F53 /* GXParentChildController.m */,
				97DDF335224DC50D00890F53 /* GXParentChildController.xib */,
				97DDF344224DCB3100890F53 /* 子控制 */,
			);
			path = "父子控制器";
			sourceTree = "<group>";
		};
		97DDF344224DCB3100890F53 /* 子控制 */ = {
			isa = PBXGroup;
			children = (
				97DDF339224DC9A000890F53 /* XMGOneViewController.h */,
				97DDF33A224DC9A000890F53 /* XMGOneViewController.m */,
				97DDF33D224DC9A100890F53 /* XMGThreeViewController.h */,
				97DDF33E224DC9A100890F53 /* XMGThreeViewController.m */,
				97DDF338224DC9A000890F53 /* XMGThreeViewController.xib */,
				97DDF33C224DC9A100890F53 /* XMGTwoViewController.h */,
				97DDF337224DC9A000890F53 /* XMGTwoViewController.m */,
				97DDF33B224DC9A000890F53 /* XMGTwoViewController.xib */,
			);
			path = "子控制";
			sourceTree = "<group>";
		};
		97E0046A23B30CA00028A5E5 /* 滚动样式 */ = {
			isa = PBXGroup;
			children = (
				97E0047023B30D400028A5E5 /* 纯图片 */,
				97E0046B23B30D3C0028A5E5 /* CZScrollADImageCell.h */,
				97E0046C23B30D3C0028A5E5 /* CZScrollADImageCell.m */,
				97E0046D23B30D3C0028A5E5 /* CZScrollADImageCell.xib */,
			);
			path = "滚动样式";
			sourceTree = "<group>";
		};
		97E0047023B30D400028A5E5 /* 纯图片 */ = {
			isa = PBXGroup;
			children = (
			);
			path = "纯图片";
			sourceTree = "<group>";
		};
		97EA16652180493D00C20CD9 /* 常量的整理 */ = {
			isa = PBXGroup;
			children = (
				97EA1666218049B300C20CD9 /* GXConst.h */,
				97EA1667218049B300C20CD9 /* GXConst.m */,
			);
			path = "常量的整理";
			sourceTree = "<group>";
		};
		97EA166921806ABF00C20CD9 /* 其他窗口的创建 */ = {
			isa = PBXGroup;
			children = (
				97EA166A21806AF000C20CD9 /* GXTopWindowsController.h */,
				97EA166B21806AF000C20CD9 /* GXTopWindowsController.m */,
				97EA166C21806AF000C20CD9 /* GXTopWindowsController.xib */,
			);
			path = "其他窗口的创建";
			sourceTree = "<group>";
		};
		97EA16702181BDB600C20CD9 /* 小方块的床架 */ = {
			isa = PBXGroup;
			children = (
				97EA16712181BDCA00C20CD9 /* GXSquareController.h */,
				97EA16722181BDCA00C20CD9 /* GXSquareController.m */,
				97EA16772181E57B00C20CD9 /* View */,
			);
			path = "小方块的床架";
			sourceTree = "<group>";
		};
		97EA16772181E57B00C20CD9 /* View */ = {
			isa = PBXGroup;
			children = (
				97EA16742181CB5200C20CD9 /* GXSquareCell.h */,
				97EA16752181CB5200C20CD9 /* GXSquareCell.m */,
				97EA16782181E5A100C20CD9 /* GXFooterView.h */,
				97EA16792181E5A100C20CD9 /* GXFooterView.m */,
			);
			path = View;
			sourceTree = "<group>";
		};
		97FC050E2188074800B526F8 /* 发段子 */ = {
			isa = PBXGroup;
			children = (
				97FC050F218807A500B526F8 /* GXPostWordController.h */,
				97FC0510218807A500B526F8 /* GXPostWordController.m */,
				972D9EE8218B0D790013B420 /* GXAddTagController.h */,
				972D9EE9218B0D790013B420 /* GXAddTagController.m */,
				97A0D00521C0B99100CBF9A1 /* GXTestViewController.h */,
				97A0D00621C0B99100CBF9A1 /* GXTestViewController.m */,
				97FC05172188516200B526F8 /* View */,
			);
			path = "发段子";
			sourceTree = "<group>";
		};
		97FC051321884F4F00B526F8 /* 主控制器 */ = {
			isa = PBXGroup;
			children = (
				97A05FF0216F013E00F49C01 /* ContolViewController.h */,
				97A05FF1216F013E00F49C01 /* ContolViewController.m */,
			);
			path = "主控制器";
			sourceTree = "<group>";
		};
		97FC05172188516200B526F8 /* View */ = {
			isa = PBXGroup;
			children = (
				97A05E7D218AFFAB006A2CF8 /* PostImage.bundle */,
				97FC051421884FBC00B526F8 /* GXPlaceholderTextView.h */,
				97FC051521884FBC00B526F8 /* GXPlaceholderTextView.m */,
				97A05E75218A9B25006A2CF8 /* GXAddTagToobar.h */,
				97A05E76218A9B25006A2CF8 /* GXAddTagToobar.m */,
				97A05E78218A9B31006A2CF8 /* GXAddTagToobar.xib */,
				977C338F218D4ED000FAA144 /* GXTagTextField.h */,
				977C3390218D4ED000FAA144 /* GXTagTextField.m */,
			);
			path = View;
			sourceTree = "<group>";
		};
		A2DCE2F4E525FD6D3FE5FAB7 /* Frameworks */ = {
			isa = PBXGroup;
			children = (
				9C8D510534E78F9435F53B1F /* libPods-GXLCodeRepository.a */,
			);
			name = Frameworks;
			sourceTree = "<group>";
		};
/* End PBXGroup section */

/* Begin PBXNativeTarget section */
		97A05FD6216F004300F49C01 /* GXLCodeRepository */ = {
			isa = PBXNativeTarget;
			buildConfigurationList = 97A05FED216F004600F49C01 /* Build configuration list for PBXNativeTarget "GXLCodeRepository" */;
			buildPhases = (
				93A3E5B0D1F7038CD792622F /* [CP] Check Pods Manifest.lock */,
				97A05FD3216F004300F49C01 /* Sources */,
				97A05FD4216F004300F49C01 /* Frameworks */,
				97A05FD5216F004300F49C01 /* Resources */,
				C5CF44645969D279D9D658F6 /* [CP] Copy Pods Resources */,
			);
			buildRules = (
			);
			dependencies = (
			);
			name = GXLCodeRepository;
			productName = GXLCodeRepository;
			productReference = 97A05FD7216F004300F49C01 /* GXLCodeRepository.app */;
			productType = "com.apple.product-type.application";
		};
/* End PBXNativeTarget section */

/* Begin PBXProject section */
		97A05FCF216F004300F49C01 /* Project object */ = {
			isa = PBXProject;
			attributes = {
				CLASSPREFIX = GX;
				LastUpgradeCheck = 1000;
				ORGANIZATIONNAME = JasonBourne;
				TargetAttributes = {
					97A05FD6216F004300F49C01 = {
						CreatedOnToolsVersion = 10.0;
					};
				};
			};
			buildConfigurationList = 97A05FD2216F004300F49C01 /* Build configuration list for PBXProject "GXLCodeRepository" */;
			compatibilityVersion = "Xcode 9.3";
			developmentRegion = en;
			hasScannedForEncodings = 0;
			knownRegions = (
				en,
				Base,
			);
			mainGroup = 97A05FCE216F004300F49C01;
			productRefGroup = 97A05FD8216F004300F49C01 /* Products */;
			projectDirPath = "";
			projectRoot = "";
			targets = (
				97A05FD6216F004300F49C01 /* GXLCodeRepository */,
			);
		};
/* End PBXProject section */

/* Begin PBXResourcesBuildPhase section */
		97A05FD5216F004300F49C01 /* Resources */ = {
			isa = PBXResourcesBuildPhase;
			buildActionMask = 2147483647;
			files = (
				9766AE6D23B0DB0700789958 /* dataSource1.json in Resources */,
				9766AE6B23B0CBFF00789958 /* dataSource.json in Resources */,
				97DDF336224DC50D00890F53 /* GXParentChildController.xib in Resources */,
				97DDF342224DC9A100890F53 /* XMGTwoViewController.xib in Resources */,
				97C20BE7217D930100C78AAD /* MenuController.xib in Resources */,
				97A3415121D4DB36006DF0D2 /* GXPhotoCell.xib in Resources */,
				97664EEF23AE1A1700DB8383 /* CZScrollADCell.xib in Resources */,
				97A05FE7216F004600F49C01 /* LaunchScreen.storyboard in Resources */,
				97664EED23AE1A1700DB8383 /* CZScrollADCell1.xib in Resources */,
				97A05FE4216F004600F49C01 /* Assets.xcassets in Resources */,
				97FEBF2E22D49DFF007BF592 /* download.plist in Resources */,
				97A05E7E218AFFAB006A2CF8 /* PostImage.bundle in Resources */,
				97A05FE2216F004300F49C01 /* Main.storyboard in Resources */,
				97E0046F23B30D3C0028A5E5 /* CZScrollADImageCell.xib in Resources */,
				97C20BF3217DF28F00C78AAD /* image.jpeg in Resources */,
				97EA166E21806AF000C20CD9 /* GXTopWindowsController.xib in Resources */,
				97A05E79218A9B31006A2CF8 /* GXAddTagToobar.xib in Resources */,
				97DDF340224DC9A100890F53 /* XMGThreeViewController.xib in Resources */,
				97C20BF0217DF22000C78AAD /* GXCircleImageController.xib in Resources */,
			);
			runOnlyForDeploymentPostprocessing = 0;
		};
/* End PBXResourcesBuildPhase section */

/* Begin PBXShellScriptBuildPhase section */
		93A3E5B0D1F7038CD792622F /* [CP] Check Pods Manifest.lock */ = {
			isa = PBXShellScriptBuildPhase;
			buildActionMask = 2147483647;
			files = (
			);
			inputPaths = (
				"${PODS_PODFILE_DIR_PATH}/Podfile.lock",
				"${PODS_ROOT}/Manifest.lock",
			);
			name = "[CP] Check Pods Manifest.lock";
			outputPaths = (
				"$(DERIVED_FILE_DIR)/Pods-GXLCodeRepository-checkManifestLockResult.txt",
			);
			runOnlyForDeploymentPostprocessing = 0;
			shellPath = /bin/sh;
			shellScript = "diff \"${PODS_PODFILE_DIR_PATH}/Podfile.lock\" \"${PODS_ROOT}/Manifest.lock\" > /dev/null\nif [ $? != 0 ] ; then\n    # print error to STDERR\n    echo \"error: The sandbox is not in sync with the Podfile.lock. Run 'pod install' or update your CocoaPods installation.\" >&2\n    exit 1\nfi\n# This output is used by Xcode 'outputs' to avoid re-running this script phase.\necho \"SUCCESS\" > \"${SCRIPT_OUTPUT_FILE_0}\"\n";
			showEnvVarsInLog = 0;
		};
		C5CF44645969D279D9D658F6 /* [CP] Copy Pods Resources */ = {
			isa = PBXShellScriptBuildPhase;
			buildActionMask = 2147483647;
			files = (
			);
			inputPaths = (
				"${SRCROOT}/Pods/Target Support Files/Pods-GXLCodeRepository/Pods-GXLCodeRepository-resources.sh",
				"${PODS_ROOT}/SVProgressHUD/SVProgressHUD/SVProgressHUD.bundle",
			);
			name = "[CP] Copy Pods Resources";
			outputPaths = (
				"${TARGET_BUILD_DIR}/${UNLOCALIZED_RESOURCES_FOLDER_PATH}/SVProgressHUD.bundle",
			);
			runOnlyForDeploymentPostprocessing = 0;
			shellPath = /bin/sh;
			shellScript = "\"${SRCROOT}/Pods/Target Support Files/Pods-GXLCodeRepository/Pods-GXLCodeRepository-resources.sh\"\n";
			showEnvVarsInLog = 0;
		};
/* End PBXShellScriptBuildPhase section */

/* Begin PBXSourcesBuildPhase section */
		97A05FD3216F004300F49C01 /* Sources */ = {
			isa = PBXSourcesBuildPhase;
			buildActionMask = 2147483647;
			files = (
				97C20BE3217D92AE00C78AAD /* MenuController.m in Sources */,
				9746574022BB59A2001AFCF0 /* RACPerson.m in Sources */,
				97A05FEA216F004600F49C01 /* main.m in Sources */,
				97EA16762181CB5200C20CD9 /* GXSquareCell.m in Sources */,
				97F1C7DB21930098009F7871 /* GXNavigationController.m in Sources */,
				97A3415021D4DB36006DF0D2 /* GXPhotoCell.m in Sources */,
				97664EFA23AE1ABE00DB8383 /* PlanADCollectionViewCell.m in Sources */,
				970E617C22B8B9D400E68BE3 /* GXRACTestController.m in Sources */,
				97664EEC23AE1A1700DB8383 /* CZScrollADCell.m in Sources */,
				977C3391218D4ED000FAA144 /* GXTagTextField.m in Sources */,
				97664EF023AE1A1700DB8383 /* CZScrollAD.m in Sources */,
				97FC051621884FBC00B526F8 /* GXPlaceholderTextView.m in Sources */,
				97A3414721D1CAAB006DF0D2 /* GXLineLayout.m in Sources */,
				972D9EEA218B0D790013B420 /* GXAddTagController.m in Sources */,
				97664EF823AE1ABE00DB8383 /* PlanPageControl.m in Sources */,
				97EA166D21806AF000C20CD9 /* GXTopWindowsController.m in Sources */,
				97664EF923AE1ABE00DB8383 /* PlanADScrollView.m in Sources */,
				97E0047323B36B0D0028A5E5 /* CZScrollADPageControl.m in Sources */,
				97C20BEF217DF22000C78AAD /* GXCircleImageController.m in Sources */,
				97A05FF9216F236000F49C01 /* GXTabarController.m in Sources */,
				97FC0511218807A500B526F8 /* GXPostWordController.m in Sources */,
				979585292293E9E3005FC54D /* GXPerson.m in Sources */,
				97A05FF2216F013E00F49C01 /* ContolViewController.m in Sources */,
				97C20BEB217D93AD00C78AAD /* GXMenuLabel.m in Sources */,
				9774AD7421CB985600DD0827 /* GXFlowLayoutController.m in Sources */,
				97A05E77218A9B25006A2CF8 /* GXAddTagToobar.m in Sources */,
				97A05FFE216F2A9800F49C01 /* OCExampleController.m in Sources */,
				97DDF343224DC9A100890F53 /* XMGThreeViewController.m in Sources */,
				97A0D00721C0B99100CBF9A1 /* GXTestViewController.m in Sources */,
				97EA167D2181E76000C20CD9 /* UIView+GXExtension.m in Sources */,
				97DDF341224DC9A100890F53 /* XMGOneViewController.m in Sources */,
				97D0C62E2360582B00F3B994 /* CZGuideController.m in Sources */,
				97A05FDC216F004300F49C01 /* AppDelegate.m in Sources */,
				97E0046E23B30D3C0028A5E5 /* CZScrollADImageCell.m in Sources */,
				97D489D222A6A1D900FD4EC7 /* GXHomeViewController.m in Sources */,
				97EA167A2181E5A100C20CD9 /* GXFooterView.m in Sources */,
				97664F0023AE1B7800DB8383 /* GXScrollImageView.m in Sources */,
				975AC84C21DC760800316C93 /* GXGridLayout.m in Sources */,
				97EA1668218049B300C20CD9 /* GXConst.m in Sources */,
				97DDF334224DBDCD00890F53 /* GXParentChildController.m in Sources */,
				97362C082179A30D0092A6D1 /* AlertViewTEST.m in Sources */,
				97664EEE23AE1A1700DB8383 /* CZScrollADCell1.m in Sources */,
				97664EFD23AE1B0100DB8383 /* CZScollerImageTool.m in Sources */,
				97DDF33F224DC9A100890F53 /* XMGTwoViewController.m in Sources */,
				973D057B22A7A93000186571 /* XMGSocialViewController.m in Sources */,
				97EA16732181BDCA00C20CD9 /* GXSquareController.m in Sources */,
			);
			runOnlyForDeploymentPostprocessing = 0;
		};
/* End PBXSourcesBuildPhase section */

/* Begin PBXVariantGroup section */
		97A05FE0216F004300F49C01 /* Main.storyboard */ = {
			isa = PBXVariantGroup;
			children = (
				97A05FE1216F004300F49C01 /* Base */,
			);
			name = Main.storyboard;
			sourceTree = "<group>";
		};
		97A05FE5216F004600F49C01 /* LaunchScreen.storyboard */ = {
			isa = PBXVariantGroup;
			children = (
				97A05FE6216F004600F49C01 /* Base */,
			);
			name = LaunchScreen.storyboard;
			sourceTree = "<group>";
		};
/* End PBXVariantGroup section */

/* Begin XCBuildConfiguration section */
		97A05FEB216F004600F49C01 /* Debug */ = {
			isa = XCBuildConfiguration;
			buildSettings = {
				ALWAYS_SEARCH_USER_PATHS = NO;
				CLANG_ANALYZER_NONNULL = YES;
				CLANG_ANALYZER_NUMBER_OBJECT_CONVERSION = YES_AGGRESSIVE;
				CLANG_CXX_LANGUAGE_STANDARD = "gnu++14";
				CLANG_CXX_LIBRARY = "libc++";
				CLANG_ENABLE_MODULES = YES;
				CLANG_ENABLE_OBJC_ARC = YES;
				CLANG_ENABLE_OBJC_WEAK = YES;
				CLANG_WARN_BLOCK_CAPTURE_AUTORELEASING = YES;
				CLANG_WARN_BOOL_CONVERSION = YES;
				CLANG_WARN_COMMA = YES;
				CLANG_WARN_CONSTANT_CONVERSION = YES;
				CLANG_WARN_DEPRECATED_OBJC_IMPLEMENTATIONS = YES;
				CLANG_WARN_DIRECT_OBJC_ISA_USAGE = YES_ERROR;
				CLANG_WARN_DOCUMENTATION_COMMENTS = YES;
				CLANG_WARN_EMPTY_BODY = YES;
				CLANG_WARN_ENUM_CONVERSION = YES;
				CLANG_WARN_INFINITE_RECURSION = YES;
				CLANG_WARN_INT_CONVERSION = YES;
				CLANG_WARN_NON_LITERAL_NULL_CONVERSION = YES;
				CLANG_WARN_OBJC_IMPLICIT_RETAIN_SELF = YES;
				CLANG_WARN_OBJC_LITERAL_CONVERSION = YES;
				CLANG_WARN_OBJC_ROOT_CLASS = YES_ERROR;
				CLANG_WARN_RANGE_LOOP_ANALYSIS = YES;
				CLANG_WARN_STRICT_PROTOTYPES = YES;
				CLANG_WARN_SUSPICIOUS_MOVE = YES;
				CLANG_WARN_UNGUARDED_AVAILABILITY = YES_AGGRESSIVE;
				CLANG_WARN_UNREACHABLE_CODE = YES;
				CLANG_WARN__DUPLICATE_METHOD_MATCH = YES;
				CODE_SIGN_IDENTITY = "iPhone Developer";
				COPY_PHASE_STRIP = NO;
				DEBUG_INFORMATION_FORMAT = dwarf;
				ENABLE_STRICT_OBJC_MSGSEND = YES;
				ENABLE_TESTABILITY = YES;
				GCC_C_LANGUAGE_STANDARD = gnu11;
				GCC_DYNAMIC_NO_PIC = NO;
				GCC_NO_COMMON_BLOCKS = YES;
				GCC_OPTIMIZATION_LEVEL = 0;
				GCC_PREPROCESSOR_DEFINITIONS = (
					"DEBUG=1",
					"$(inherited)",
				);
				GCC_WARN_64_TO_32_BIT_CONVERSION = YES;
				GCC_WARN_ABOUT_RETURN_TYPE = YES_ERROR;
				GCC_WARN_UNDECLARED_SELECTOR = YES;
				GCC_WARN_UNINITIALIZED_AUTOS = YES_AGGRESSIVE;
				GCC_WARN_UNUSED_FUNCTION = YES;
				GCC_WARN_UNUSED_VARIABLE = YES;
				IPHONEOS_DEPLOYMENT_TARGET = 12.0;
				MTL_ENABLE_DEBUG_INFO = INCLUDE_SOURCE;
				MTL_FAST_MATH = YES;
				ONLY_ACTIVE_ARCH = YES;
				SDKROOT = iphoneos;
			};
			name = Debug;
		};
		97A05FEC216F004600F49C01 /* Release */ = {
			isa = XCBuildConfiguration;
			buildSettings = {
				ALWAYS_SEARCH_USER_PATHS = NO;
				CLANG_ANALYZER_NONNULL = YES;
				CLANG_ANALYZER_NUMBER_OBJECT_CONVERSION = YES_AGGRESSIVE;
				CLANG_CXX_LANGUAGE_STANDARD = "gnu++14";
				CLANG_CXX_LIBRARY = "libc++";
				CLANG_ENABLE_MODULES = YES;
				CLANG_ENABLE_OBJC_ARC = YES;
				CLANG_ENABLE_OBJC_WEAK = YES;
				CLANG_WARN_BLOCK_CAPTURE_AUTORELEASING = YES;
				CLANG_WARN_BOOL_CONVERSION = YES;
				CLANG_WARN_COMMA = YES;
				CLANG_WARN_CONSTANT_CONVERSION = YES;
				CLANG_WARN_DEPRECATED_OBJC_IMPLEMENTATIONS = YES;
				CLANG_WARN_DIRECT_OBJC_ISA_USAGE = YES_ERROR;
				CLANG_WARN_DOCUMENTATION_COMMENTS = YES;
				CLANG_WARN_EMPTY_BODY = YES;
				CLANG_WARN_ENUM_CONVERSION = YES;
				CLANG_WARN_INFINITE_RECURSION = YES;
				CLANG_WARN_INT_CONVERSION = YES;
				CLANG_WARN_NON_LITERAL_NULL_CONVERSION = YES;
				CLANG_WARN_OBJC_IMPLICIT_RETAIN_SELF = YES;
				CLANG_WARN_OBJC_LITERAL_CONVERSION = YES;
				CLANG_WARN_OBJC_ROOT_CLASS = YES_ERROR;
				CLANG_WARN_RANGE_LOOP_ANALYSIS = YES;
				CLANG_WARN_STRICT_PROTOTYPES = YES;
				CLANG_WARN_SUSPICIOUS_MOVE = YES;
				CLANG_WARN_UNGUARDED_AVAILABILITY = YES_AGGRESSIVE;
				CLANG_WARN_UNREACHABLE_CODE = YES;
				CLANG_WARN__DUPLICATE_METHOD_MATCH = YES;
				CODE_SIGN_IDENTITY = "iPhone Developer";
				COPY_PHASE_STRIP = NO;
				DEBUG_INFORMATION_FORMAT = "dwarf-with-dsym";
				ENABLE_NS_ASSERTIONS = NO;
				ENABLE_STRICT_OBJC_MSGSEND = YES;
				GCC_C_LANGUAGE_STANDARD = gnu11;
				GCC_NO_COMMON_BLOCKS = YES;
				GCC_WARN_64_TO_32_BIT_CONVERSION = YES;
				GCC_WARN_ABOUT_RETURN_TYPE = YES_ERROR;
				GCC_WARN_UNDECLARED_SELECTOR = YES;
				GCC_WARN_UNINITIALIZED_AUTOS = YES_AGGRESSIVE;
				GCC_WARN_UNUSED_FUNCTION = YES;
				GCC_WARN_UNUSED_VARIABLE = YES;
				IPHONEOS_DEPLOYMENT_TARGET = 12.0;
				MTL_ENABLE_DEBUG_INFO = NO;
				MTL_FAST_MATH = YES;
				SDKROOT = iphoneos;
				VALIDATE_PRODUCT = YES;
			};
			name = Release;
		};
		97A05FEE216F004600F49C01 /* Debug */ = {
			isa = XCBuildConfiguration;
			baseConfigurationReference = 0A071959F44494B971508652 /* Pods-GXLCodeRepository.debug.xcconfig */;
			buildSettings = {
				ASSETCATALOG_COMPILER_APPICON_NAME = AppIcon;
				CODE_SIGN_STYLE = Manual;
				DEVELOPMENT_TEAM = G583M5JELZ;
				GCC_PRECOMPILE_PREFIX_HEADER = YES;
				GCC_PREFIX_HEADER = "$(SRCROOT)/GXLCodeRepository/Other/PrefixHeader.pch";
				INFOPLIST_FILE = GXLCodeRepository/Other/Info.plist;
				IPHONEOS_DEPLOYMENT_TARGET = 11.4;
				LD_RUNPATH_SEARCH_PATHS = (
					"$(inherited)",
					"@executable_path/Frameworks",
				);
				PRODUCT_BUNDLE_IDENTIFIER = com.testtest.platform;
				PRODUCT_NAME = "$(TARGET_NAME)";
				PROVISIONING_PROFILE_SPECIFIER = GXTEXTProvisioning;
				TARGETED_DEVICE_FAMILY = 1;
			};
			name = Debug;
		};
		97A05FEF216F004600F49C01 /* Release */ = {
			isa = XCBuildConfiguration;
			baseConfigurationReference = 3F5DD05C2D861CBD99A0182A /* Pods-GXLCodeRepository.release.xcconfig */;
			buildSettings = {
				ASSETCATALOG_COMPILER_APPICON_NAME = AppIcon;
				CODE_SIGN_STYLE = Manual;
				DEVELOPMENT_TEAM = G583M5JELZ;
				GCC_PRECOMPILE_PREFIX_HEADER = YES;
				GCC_PREFIX_HEADER = "$(SRCROOT)/GXLCodeRepository/Other/PrefixHeader.pch";
				INFOPLIST_FILE = GXLCodeRepository/Other/Info.plist;
				IPHONEOS_DEPLOYMENT_TARGET = 11.4;
				LD_RUNPATH_SEARCH_PATHS = (
					"$(inherited)",
					"@executable_path/Frameworks",
				);
				PRODUCT_BUNDLE_IDENTIFIER = com.testtest.platform;
				PRODUCT_NAME = "$(TARGET_NAME)";
				PROVISIONING_PROFILE_SPECIFIER = GXTEXTProvisioning;
				TARGETED_DEVICE_FAMILY = 1;
			};
			name = Release;
		};
/* End XCBuildConfiguration section */

/* Begin XCConfigurationList section */
		97A05FD2216F004300F49C01 /* Build configuration list for PBXProject "GXLCodeRepository" */ = {
			isa = XCConfigurationList;
			buildConfigurations = (
				97A05FEB216F004600F49C01 /* Debug */,
				97A05FEC216F004600F49C01 /* Release */,
			);
			defaultConfigurationIsVisible = 0;
			defaultConfigurationName = Release;
		};
		97A05FED216F004600F49C01 /* Build configuration list for PBXNativeTarget "GXLCodeRepository" */ = {
			isa = XCConfigurationList;
			buildConfigurations = (
				97A05FEE216F004600F49C01 /* Debug */,
				97A05FEF216F004600F49C01 /* Release */,
			);
			defaultConfigurationIsVisible = 0;
			defaultConfigurationName = Release;
		};
/* End XCConfigurationList section */
	};
	rootObject = 97A05FCF216F004300F49C01 /* Project object */;
}
